// !$*UTF8*$!
{
	archiveVersion = 1;
	classes = {
	};
	objectVersion = 55;
	objects = {

/* Begin PBXBuildFile section */
		88CECA0A27C9927E00B61BE9 /* alarmSample.mp3 in Resources */ = {isa = PBXBuildFile; fileRef = 88CECA0927C9927E00B61BE9 /* alarmSample.mp3 */; };
		88CECA0B27C9927E00B61BE9 /* alarmSample.mp3 in Resources */ = {isa = PBXBuildFile; fileRef = 88CECA0927C9927E00B61BE9 /* alarmSample.mp3 */; };
		88CECAA527CD853100B61BE9 /* AppDelegate.swift in Sources */ = {isa = PBXBuildFile; fileRef = 88CECAA427CD853000B61BE9 /* AppDelegate.swift */; };
		88CECAA627CD853100B61BE9 /* AppDelegate.swift in Sources */ = {isa = PBXBuildFile; fileRef = 88CECAA427CD853000B61BE9 /* AppDelegate.swift */; };
		88CECAA827CD897300B61BE9 /* SceneDelegate.swift in Sources */ = {isa = PBXBuildFile; fileRef = 88CECAA727CD897300B61BE9 /* SceneDelegate.swift */; };
		88CECAA927CD897300B61BE9 /* SceneDelegate.swift in Sources */ = {isa = PBXBuildFile; fileRef = 88CECAA727CD897300B61BE9 /* SceneDelegate.swift */; };
		88D8B3A827C1B55F00663E10 /* EyeTracking in Frameworks */ = {isa = PBXBuildFile; productRef = 88D8B3A727C1B55F00663E10 /* EyeTracking */; };
		88DAFF3E27BF2C9F00CB7E0A /* Tests_iOS.swift in Sources */ = {isa = PBXBuildFile; fileRef = 88DAFF3D27BF2C9F00CB7E0A /* Tests_iOS.swift */; };
		88DAFF4027BF2C9F00CB7E0A /* Tests_iOSLaunchTests.swift in Sources */ = {isa = PBXBuildFile; fileRef = 88DAFF3F27BF2C9F00CB7E0A /* Tests_iOSLaunchTests.swift */; };
		88DAFF4A27BF2C9F00CB7E0A /* Tests_macOS.swift in Sources */ = {isa = PBXBuildFile; fileRef = 88DAFF4927BF2C9F00CB7E0A /* Tests_macOS.swift */; };
		88DAFF4C27BF2C9F00CB7E0A /* Tests_macOSLaunchTests.swift in Sources */ = {isa = PBXBuildFile; fileRef = 88DAFF4B27BF2C9F00CB7E0A /* Tests_macOSLaunchTests.swift */; };
		88DAFF4D27BF2C9F00CB7E0A /* StudyHardApp.swift in Sources */ = {isa = PBXBuildFile; fileRef = 88DAFF2527BF2C9A00CB7E0A /* StudyHardApp.swift */; };
		88DAFF4E27BF2C9F00CB7E0A /* StudyHardApp.swift in Sources */ = {isa = PBXBuildFile; fileRef = 88DAFF2527BF2C9A00CB7E0A /* StudyHardApp.swift */; };
		88DAFF4F27BF2C9F00CB7E0A /* ContentView.swift in Sources */ = {isa = PBXBuildFile; fileRef = 88DAFF2627BF2C9A00CB7E0A /* ContentView.swift */; };
		88DAFF5027BF2C9F00CB7E0A /* ContentView.swift in Sources */ = {isa = PBXBuildFile; fileRef = 88DAFF2627BF2C9A00CB7E0A /* ContentView.swift */; };
		88DAFF5127BF2C9F00CB7E0A /* Assets.xcassets in Resources */ = {isa = PBXBuildFile; fileRef = 88DAFF2727BF2C9F00CB7E0A /* Assets.xcassets */; };
		88DAFF5227BF2C9F00CB7E0A /* Assets.xcassets in Resources */ = {isa = PBXBuildFile; fileRef = 88DAFF2727BF2C9F00CB7E0A /* Assets.xcassets */; };
/* End PBXBuildFile section */

/* Begin PBXContainerItemProxy section */
		88DAFF3A27BF2C9F00CB7E0A /* PBXContainerItemProxy */ = {
			isa = PBXContainerItemProxy;
			containerPortal = 88DAFF2027BF2C9A00CB7E0A /* Project object */;
			proxyType = 1;
			remoteGlobalIDString = 88DAFF2B27BF2C9F00CB7E0A;
			remoteInfo = "StudyHard (iOS)";
		};
		88DAFF4627BF2C9F00CB7E0A /* PBXContainerItemProxy */ = {
			isa = PBXContainerItemProxy;
			containerPortal = 88DAFF2027BF2C9A00CB7E0A /* Project object */;
			proxyType = 1;
			remoteGlobalIDString = 88DAFF3127BF2C9F00CB7E0A;
			remoteInfo = "StudyHard (macOS)";
		};
/* End PBXContainerItemProxy section */

/* Begin PBXFileReference section */
		88CECA0927C9927E00B61BE9 /* alarmSample.mp3 */ = {isa = PBXFileReference; lastKnownFileType = audio.mp3; path = alarmSample.mp3; sourceTree = "<group>"; };
		88CECA0C27C9942F00B61BE9 /* StudyHard (iOS).entitlements */ = {isa = PBXFileReference; lastKnownFileType = text.plist.entitlements; path = "StudyHard (iOS).entitlements"; sourceTree = "<group>"; };
		88CECAA427CD853000B61BE9 /* AppDelegate.swift */ = {isa = PBXFileReference; lastKnownFileType = sourcecode.swift; path = AppDelegate.swift; sourceTree = "<group>"; };
		88CECAA727CD897300B61BE9 /* SceneDelegate.swift */ = {isa = PBXFileReference; lastKnownFileType = sourcecode.swift; path = SceneDelegate.swift; sourceTree = "<group>"; };
		88DAFF2527BF2C9A00CB7E0A /* StudyHardApp.swift */ = {isa = PBXFileReference; lastKnownFileType = sourcecode.swift; path = StudyHardApp.swift; sourceTree = "<group>"; };
		88DAFF2627BF2C9A00CB7E0A /* ContentView.swift */ = {isa = PBXFileReference; lastKnownFileType = sourcecode.swift; path = ContentView.swift; sourceTree = "<group>"; };
		88DAFF2727BF2C9F00CB7E0A /* Assets.xcassets */ = {isa = PBXFileReference; lastKnownFileType = folder.assetcatalog; path = Assets.xcassets; sourceTree = "<group>"; };
		88DAFF2C27BF2C9F00CB7E0A /* StudyHard.app */ = {isa = PBXFileReference; explicitFileType = wrapper.application; includeInIndex = 0; path = StudyHard.app; sourceTree = BUILT_PRODUCTS_DIR; };
		88DAFF3227BF2C9F00CB7E0A /* StudyHard.app */ = {isa = PBXFileReference; explicitFileType = wrapper.application; includeInIndex = 0; path = StudyHard.app; sourceTree = BUILT_PRODUCTS_DIR; };
		88DAFF3427BF2C9F00CB7E0A /* macOS.entitlements */ = {isa = PBXFileReference; lastKnownFileType = text.plist.entitlements; path = macOS.entitlements; sourceTree = "<group>"; };
		88DAFF3927BF2C9F00CB7E0A /* Tests iOS.xctest */ = {isa = PBXFileReference; explicitFileType = wrapper.cfbundle; includeInIndex = 0; path = "Tests iOS.xctest"; sourceTree = BUILT_PRODUCTS_DIR; };
		88DAFF3D27BF2C9F00CB7E0A /* Tests_iOS.swift */ = {isa = PBXFileReference; lastKnownFileType = sourcecode.swift; path = Tests_iOS.swift; sourceTree = "<group>"; };
		88DAFF3F27BF2C9F00CB7E0A /* Tests_iOSLaunchTests.swift */ = {isa = PBXFileReference; lastKnownFileType = sourcecode.swift; path = Tests_iOSLaunchTests.swift; sourceTree = "<group>"; };
		88DAFF4527BF2C9F00CB7E0A /* Tests macOS.xctest */ = {isa = PBXFileReference; explicitFileType = wrapper.cfbundle; includeInIndex = 0; path = "Tests macOS.xctest"; sourceTree = BUILT_PRODUCTS_DIR; };
		88DAFF4927BF2C9F00CB7E0A /* Tests_macOS.swift */ = {isa = PBXFileReference; lastKnownFileType = sourcecode.swift; path = Tests_macOS.swift; sourceTree = "<group>"; };
		88DAFF4B27BF2C9F00CB7E0A /* Tests_macOSLaunchTests.swift */ = {isa = PBXFileReference; lastKnownFileType = sourcecode.swift; path = Tests_macOSLaunchTests.swift; sourceTree = "<group>"; };
		EAFAD44D27C33617009C4D26 /* StudyHard--iOS--Info.plist */ = {isa = PBXFileReference; lastKnownFileType = text.plist; path = "StudyHard--iOS--Info.plist"; sourceTree = "<group>"; };
/* End PBXFileReference section */

/* Begin PBXFrameworksBuildPhase section */
		88DAFF2927BF2C9F00CB7E0A /* Frameworks */ = {
			isa = PBXFrameworksBuildPhase;
			buildActionMask = 2147483647;
			files = (
				88D8B3A827C1B55F00663E10 /* EyeTracking in Frameworks */,
			);
			runOnlyForDeploymentPostprocessing = 0;
		};
		88DAFF2F27BF2C9F00CB7E0A /* Frameworks */ = {
			isa = PBXFrameworksBuildPhase;
			buildActionMask = 2147483647;
			files = (
			);
			runOnlyForDeploymentPostprocessing = 0;
		};
		88DAFF3627BF2C9F00CB7E0A /* Frameworks */ = {
			isa = PBXFrameworksBuildPhase;
			buildActionMask = 2147483647;
			files = (
			);
			runOnlyForDeploymentPostprocessing = 0;
		};
		88DAFF4227BF2C9F00CB7E0A /* Frameworks */ = {
			isa = PBXFrameworksBuildPhase;
			buildActionMask = 2147483647;
			files = (
			);
			runOnlyForDeploymentPostprocessing = 0;
		};
/* End PBXFrameworksBuildPhase section */

/* Begin PBXGroup section */
		88CECA0827C991BE00B61BE9 /* mp3 */ = {
			isa = PBXGroup;
			children = (
				88CECA0927C9927E00B61BE9 /* alarmSample.mp3 */,
			);
			path = mp3;
			sourceTree = "<group>";
		};
		88DAFF1F27BF2C9A00CB7E0A = {
			isa = PBXGroup;
			children = (
				88CECA0C27C9942F00B61BE9 /* StudyHard (iOS).entitlements */,
				88CECA0827C991BE00B61BE9 /* mp3 */,
				EAFAD44D27C33617009C4D26 /* StudyHard--iOS--Info.plist */,
				88DAFF2427BF2C9A00CB7E0A /* Shared */,
				88DAFF3327BF2C9F00CB7E0A /* macOS */,
				88DAFF3C27BF2C9F00CB7E0A /* Tests iOS */,
				88DAFF4827BF2C9F00CB7E0A /* Tests macOS */,
				88DAFF2D27BF2C9F00CB7E0A /* Products */,
			);
			sourceTree = "<group>";
		};
		88DAFF2427BF2C9A00CB7E0A /* Shared */ = {
			isa = PBXGroup;
			children = (
				88CECAA427CD853000B61BE9 /* AppDelegate.swift */,
				88CECAA727CD897300B61BE9 /* SceneDelegate.swift */,
				88DAFF2527BF2C9A00CB7E0A /* StudyHardApp.swift */,
				88DAFF2627BF2C9A00CB7E0A /* ContentView.swift */,
				88DAFF2727BF2C9F00CB7E0A /* Assets.xcassets */,
			);
			path = Shared;
			sourceTree = "<group>";
		};
		88DAFF2D27BF2C9F00CB7E0A /* Products */ = {
			isa = PBXGroup;
			children = (
				88DAFF2C27BF2C9F00CB7E0A /* StudyHard.app */,
				88DAFF3227BF2C9F00CB7E0A /* StudyHard.app */,
				88DAFF3927BF2C9F00CB7E0A /* Tests iOS.xctest */,
				88DAFF4527BF2C9F00CB7E0A /* Tests macOS.xctest */,
			);
			name = Products;
			sourceTree = "<group>";
		};
		88DAFF3327BF2C9F00CB7E0A /* macOS */ = {
			isa = PBXGroup;
			children = (
				88DAFF3427BF2C9F00CB7E0A /* macOS.entitlements */,
			);
			path = macOS;
			sourceTree = "<group>";
		};
		88DAFF3C27BF2C9F00CB7E0A /* Tests iOS */ = {
			isa = PBXGroup;
			children = (
				88DAFF3D27BF2C9F00CB7E0A /* Tests_iOS.swift */,
				88DAFF3F27BF2C9F00CB7E0A /* Tests_iOSLaunchTests.swift */,
			);
			path = "Tests iOS";
			sourceTree = "<group>";
		};
		88DAFF4827BF2C9F00CB7E0A /* Tests macOS */ = {
			isa = PBXGroup;
			children = (
				88DAFF4927BF2C9F00CB7E0A /* Tests_macOS.swift */,
				88DAFF4B27BF2C9F00CB7E0A /* Tests_macOSLaunchTests.swift */,
			);
			path = "Tests macOS";
			sourceTree = "<group>";
		};
/* End PBXGroup section */

/* Begin PBXNativeTarget section */
		88DAFF2B27BF2C9F00CB7E0A /* StudyHard (iOS) */ = {
			isa = PBXNativeTarget;
			buildConfigurationList = 88DAFF5527BF2C9F00CB7E0A /* Build configuration list for PBXNativeTarget "StudyHard (iOS)" */;
			buildPhases = (
				88DAFF2827BF2C9F00CB7E0A /* Sources */,
				88DAFF2927BF2C9F00CB7E0A /* Frameworks */,
				88DAFF2A27BF2C9F00CB7E0A /* Resources */,
			);
			buildRules = (
			);
			dependencies = (
			);
			name = "StudyHard (iOS)";
			packageProductDependencies = (
				88D8B3A727C1B55F00663E10 /* EyeTracking */,
			);
			productName = "StudyHard (iOS)";
			productReference = 88DAFF2C27BF2C9F00CB7E0A /* StudyHard.app */;
			productType = "com.apple.product-type.application";
		};
		88DAFF3127BF2C9F00CB7E0A /* StudyHard (macOS) */ = {
			isa = PBXNativeTarget;
			buildConfigurationList = 88DAFF5827BF2C9F00CB7E0A /* Build configuration list for PBXNativeTarget "StudyHard (macOS)" */;
			buildPhases = (
				88DAFF2E27BF2C9F00CB7E0A /* Sources */,
				88DAFF2F27BF2C9F00CB7E0A /* Frameworks */,
				88DAFF3027BF2C9F00CB7E0A /* Resources */,
			);
			buildRules = (
			);
			dependencies = (
			);
			name = "StudyHard (macOS)";
			productName = "StudyHard (macOS)";
			productReference = 88DAFF3227BF2C9F00CB7E0A /* StudyHard.app */;
			productType = "com.apple.product-type.application";
		};
		88DAFF3827BF2C9F00CB7E0A /* Tests iOS */ = {
			isa = PBXNativeTarget;
			buildConfigurationList = 88DAFF5B27BF2C9F00CB7E0A /* Build configuration list for PBXNativeTarget "Tests iOS" */;
			buildPhases = (
				88DAFF3527BF2C9F00CB7E0A /* Sources */,
				88DAFF3627BF2C9F00CB7E0A /* Frameworks */,
				88DAFF3727BF2C9F00CB7E0A /* Resources */,
			);
			buildRules = (
			);
			dependencies = (
				88DAFF3B27BF2C9F00CB7E0A /* PBXTargetDependency */,
			);
			name = "Tests iOS";
			productName = "Tests iOS";
			productReference = 88DAFF3927BF2C9F00CB7E0A /* Tests iOS.xctest */;
			productType = "com.apple.product-type.bundle.ui-testing";
		};
		88DAFF4427BF2C9F00CB7E0A /* Tests macOS */ = {
			isa = PBXNativeTarget;
			buildConfigurationList = 88DAFF5E27BF2C9F00CB7E0A /* Build configuration list for PBXNativeTarget "Tests macOS" */;
			buildPhases = (
				88DAFF4127BF2C9F00CB7E0A /* Sources */,
				88DAFF4227BF2C9F00CB7E0A /* Frameworks */,
				88DAFF4327BF2C9F00CB7E0A /* Resources */,
			);
			buildRules = (
			);
			dependencies = (
				88DAFF4727BF2C9F00CB7E0A /* PBXTargetDependency */,
			);
			name = "Tests macOS";
			productName = "Tests macOS";
			productReference = 88DAFF4527BF2C9F00CB7E0A /* Tests macOS.xctest */;
			productType = "com.apple.product-type.bundle.ui-testing";
		};
/* End PBXNativeTarget section */

/* Begin PBXProject section */
		88DAFF2027BF2C9A00CB7E0A /* Project object */ = {
			isa = PBXProject;
			attributes = {
				BuildIndependentTargetsInParallel = 1;
				LastSwiftUpdateCheck = 1320;
				LastUpgradeCheck = 1320;
				TargetAttributes = {
					88DAFF2B27BF2C9F00CB7E0A = {
						CreatedOnToolsVersion = 13.2.1;
					};
					88DAFF3127BF2C9F00CB7E0A = {
						CreatedOnToolsVersion = 13.2.1;
					};
					88DAFF3827BF2C9F00CB7E0A = {
						CreatedOnToolsVersion = 13.2.1;
						TestTargetID = 88DAFF2B27BF2C9F00CB7E0A;
					};
					88DAFF4427BF2C9F00CB7E0A = {
						CreatedOnToolsVersion = 13.2.1;
						TestTargetID = 88DAFF3127BF2C9F00CB7E0A;
					};
				};
			};
			buildConfigurationList = 88DAFF2327BF2C9A00CB7E0A /* Build configuration list for PBXProject "StudyHard" */;
			compatibilityVersion = "Xcode 13.0";
			developmentRegion = en;
			hasScannedForEncodings = 0;
			knownRegions = (
				en,
				Base,
			);
			mainGroup = 88DAFF1F27BF2C9A00CB7E0A;
			packageReferences = (
				88D8B3A627C1B55F00663E10 /* XCRemoteSwiftPackageReference "ios-eye-tracking" */,
			);
			productRefGroup = 88DAFF2D27BF2C9F00CB7E0A /* Products */;
			projectDirPath = "";
			projectRoot = "";
			targets = (
				88DAFF2B27BF2C9F00CB7E0A /* StudyHard (iOS) */,
				88DAFF3127BF2C9F00CB7E0A /* StudyHard (macOS) */,
				88DAFF3827BF2C9F00CB7E0A /* Tests iOS */,
				88DAFF4427BF2C9F00CB7E0A /* Tests macOS */,
			);
		};
/* End PBXProject section */

/* Begin PBXResourcesBuildPhase section */
		88DAFF2A27BF2C9F00CB7E0A /* Resources */ = {
			isa = PBXResourcesBuildPhase;
			buildActionMask = 2147483647;
			files = (
				88CECA0A27C9927E00B61BE9 /* alarmSample.mp3 in Resources */,
				88DAFF5127BF2C9F00CB7E0A /* Assets.xcassets in Resources */,
			);
			runOnlyForDeploymentPostprocessing = 0;
		};
		88DAFF3027BF2C9F00CB7E0A /* Resources */ = {
			isa = PBXResourcesBuildPhase;
			buildActionMask = 2147483647;
			files = (
				88CECA0B27C9927E00B61BE9 /* alarmSample.mp3 in Resources */,
				88DAFF5227BF2C9F00CB7E0A /* Assets.xcassets in Resources */,
			);
			runOnlyForDeploymentPostprocessing = 0;
		};
		88DAFF3727BF2C9F00CB7E0A /* Resources */ = {
			isa = PBXResourcesBuildPhase;
			buildActionMask = 2147483647;
			files = (
			);
			runOnlyForDeploymentPostprocessing = 0;
		};
		88DAFF4327BF2C9F00CB7E0A /* Resources */ = {
			isa = PBXResourcesBuildPhase;
			buildActionMask = 2147483647;
			files = (
			);
			runOnlyForDeploymentPostprocessing = 0;
		};
/* End PBXResourcesBuildPhase section */

/* Begin PBXSourcesBuildPhase section */
		88DAFF2827BF2C9F00CB7E0A /* Sources */ = {
			isa = PBXSourcesBuildPhase;
			buildActionMask = 2147483647;
			files = (
				88CECAA527CD853100B61BE9 /* AppDelegate.swift in Sources */,
				88DAFF4F27BF2C9F00CB7E0A /* ContentView.swift in Sources */,
				88DAFF4D27BF2C9F00CB7E0A /* StudyHardApp.swift in Sources */,
				88CECAA827CD897300B61BE9 /* SceneDelegate.swift in Sources */,
			);
			runOnlyForDeploymentPostprocessing = 0;
		};
		88DAFF2E27BF2C9F00CB7E0A /* Sources */ = {
			isa = PBXSourcesBuildPhase;
			buildActionMask = 2147483647;
			files = (
				88CECAA627CD853100B61BE9 /* AppDelegate.swift in Sources */,
				88DAFF5027BF2C9F00CB7E0A /* ContentView.swift in Sources */,
				88DAFF4E27BF2C9F00CB7E0A /* StudyHardApp.swift in Sources */,
				88CECAA927CD897300B61BE9 /* SceneDelegate.swift in Sources */,
			);
			runOnlyForDeploymentPostprocessing = 0;
		};
		88DAFF3527BF2C9F00CB7E0A /* Sources */ = {
			isa = PBXSourcesBuildPhase;
			buildActionMask = 2147483647;
			files = (
				88DAFF4027BF2C9F00CB7E0A /* Tests_iOSLaunchTests.swift in Sources */,
				88DAFF3E27BF2C9F00CB7E0A /* Tests_iOS.swift in Sources */,
			);
			runOnlyForDeploymentPostprocessing = 0;
		};
		88DAFF4127BF2C9F00CB7E0A /* Sources */ = {
			isa = PBXSourcesBuildPhase;
			buildActionMask = 2147483647;
			files = (
				88DAFF4C27BF2C9F00CB7E0A /* Tests_macOSLaunchTests.swift in Sources */,
				88DAFF4A27BF2C9F00CB7E0A /* Tests_macOS.swift in Sources */,
			);
			runOnlyForDeploymentPostprocessing = 0;
		};
/* End PBXSourcesBuildPhase section */

/* Begin PBXTargetDependency section */
		88DAFF3B27BF2C9F00CB7E0A /* PBXTargetDependency */ = {
			isa = PBXTargetDependency;
			target = 88DAFF2B27BF2C9F00CB7E0A /* StudyHard (iOS) */;
			targetProxy = 88DAFF3A27BF2C9F00CB7E0A /* PBXContainerItemProxy */;
		};
		88DAFF4727BF2C9F00CB7E0A /* PBXTargetDependency */ = {
			isa = PBXTargetDependency;
			target = 88DAFF3127BF2C9F00CB7E0A /* StudyHard (macOS) */;
			targetProxy = 88DAFF4627BF2C9F00CB7E0A /* PBXContainerItemProxy */;
		};
/* End PBXTargetDependency section */

/* Begin XCBuildConfiguration section */
		88DAFF5327BF2C9F00CB7E0A /* Debug */ = {
			isa = XCBuildConfiguration;
			buildSettings = {
				ALWAYS_SEARCH_USER_PATHS = NO;
				CLANG_ANALYZER_NONNULL = YES;
				CLANG_ANALYZER_NUMBER_OBJECT_CONVERSION = YES_AGGRESSIVE;
				CLANG_CXX_LANGUAGE_STANDARD = "gnu++17";
				CLANG_CXX_LIBRARY = "libc++";
				CLANG_ENABLE_MODULES = YES;
				CLANG_ENABLE_OBJC_ARC = YES;
				CLANG_ENABLE_OBJC_WEAK = YES;
				CLANG_WARN_BLOCK_CAPTURE_AUTORELEASING = YES;
				CLANG_WARN_BOOL_CONVERSION = YES;
				CLANG_WARN_COMMA = YES;
				CLANG_WARN_CONSTANT_CONVERSION = YES;
				CLANG_WARN_DEPRECATED_OBJC_IMPLEMENTATIONS = YES;
				CLANG_WARN_DIRECT_OBJC_ISA_USAGE = YES_ERROR;
				CLANG_WARN_DOCUMENTATION_COMMENTS = YES;
				CLANG_WARN_EMPTY_BODY = YES;
				CLANG_WARN_ENUM_CONVERSION = YES;
				CLANG_WARN_INFINITE_RECURSION = YES;
				CLANG_WARN_INT_CONVERSION = YES;
				CLANG_WARN_NON_LITERAL_NULL_CONVERSION = YES;
				CLANG_WARN_OBJC_IMPLICIT_RETAIN_SELF = YES;
				CLANG_WARN_OBJC_LITERAL_CONVERSION = YES;
				CLANG_WARN_OBJC_ROOT_CLASS = YES_ERROR;
				CLANG_WARN_QUOTED_INCLUDE_IN_FRAMEWORK_HEADER = YES;
				CLANG_WARN_RANGE_LOOP_ANALYSIS = YES;
				CLANG_WARN_STRICT_PROTOTYPES = YES;
				CLANG_WARN_SUSPICIOUS_MOVE = YES;
				CLANG_WARN_UNGUARDED_AVAILABILITY = YES_AGGRESSIVE;
				CLANG_WARN_UNREACHABLE_CODE = YES;
				CLANG_WARN__DUPLICATE_METHOD_MATCH = YES;
				COPY_PHASE_STRIP = NO;
				DEBUG_INFORMATION_FORMAT = dwarf;
				ENABLE_STRICT_OBJC_MSGSEND = YES;
				ENABLE_TESTABILITY = YES;
				GCC_C_LANGUAGE_STANDARD = gnu11;
				GCC_DYNAMIC_NO_PIC = NO;
				GCC_NO_COMMON_BLOCKS = YES;
				GCC_OPTIMIZATION_LEVEL = 0;
				GCC_PREPROCESSOR_DEFINITIONS = (
					"DEBUG=1",
					"$(inherited)",
				);
				GCC_WARN_64_TO_32_BIT_CONVERSION = YES;
				GCC_WARN_ABOUT_RETURN_TYPE = YES_ERROR;
				GCC_WARN_UNDECLARED_SELECTOR = YES;
				GCC_WARN_UNINITIALIZED_AUTOS = YES_AGGRESSIVE;
				GCC_WARN_UNUSED_FUNCTION = YES;
				GCC_WARN_UNUSED_VARIABLE = YES;
				MTL_ENABLE_DEBUG_INFO = INCLUDE_SOURCE;
				MTL_FAST_MATH = YES;
				ONLY_ACTIVE_ARCH = YES;
				SWIFT_ACTIVE_COMPILATION_CONDITIONS = DEBUG;
				SWIFT_OPTIMIZATION_LEVEL = "-Onone";
			};
			name = Debug;
		};
		88DAFF5427BF2C9F00CB7E0A /* Release */ = {
			isa = XCBuildConfiguration;
			buildSettings = {
				ALWAYS_SEARCH_USER_PATHS = NO;
				CLANG_ANALYZER_NONNULL = YES;
				CLANG_ANALYZER_NUMBER_OBJECT_CONVERSION = YES_AGGRESSIVE;
				CLANG_CXX_LANGUAGE_STANDARD = "gnu++17";
				CLANG_CXX_LIBRARY = "libc++";
				CLANG_ENABLE_MODULES = YES;
				CLANG_ENABLE_OBJC_ARC = YES;
				CLANG_ENABLE_OBJC_WEAK = YES;
				CLANG_WARN_BLOCK_CAPTURE_AUTORELEASING = YES;
				CLANG_WARN_BOOL_CONVERSION = YES;
				CLANG_WARN_COMMA = YES;
				CLANG_WARN_CONSTANT_CONVERSION = YES;
				CLANG_WARN_DEPRECATED_OBJC_IMPLEMENTATIONS = YES;
				CLANG_WARN_DIRECT_OBJC_ISA_USAGE = YES_ERROR;
				CLANG_WARN_DOCUMENTATION_COMMENTS = YES;
				CLANG_WARN_EMPTY_BODY = YES;
				CLANG_WARN_ENUM_CONVERSION = YES;
				CLANG_WARN_INFINITE_RECURSION = YES;
				CLANG_WARN_INT_CONVERSION = YES;
				CLANG_WARN_NON_LITERAL_NULL_CONVERSION = YES;
				CLANG_WARN_OBJC_IMPLICIT_RETAIN_SELF = YES;
				CLANG_WARN_OBJC_LITERAL_CONVERSION = YES;
				CLANG_WARN_OBJC_ROOT_CLASS = YES_ERROR;
				CLANG_WARN_QUOTED_INCLUDE_IN_FRAMEWORK_HEADER = YES;
				CLANG_WARN_RANGE_LOOP_ANALYSIS = YES;
				CLANG_WARN_STRICT_PROTOTYPES = YES;
				CLANG_WARN_SUSPICIOUS_MOVE = YES;
				CLANG_WARN_UNGUARDED_AVAILABILITY = YES_AGGRESSIVE;
				CLANG_WARN_UNREACHABLE_CODE = YES;
				CLANG_WARN__DUPLICATE_METHOD_MATCH = YES;
				COPY_PHASE_STRIP = NO;
				DEBUG_INFORMATION_FORMAT = "dwarf-with-dsym";
				ENABLE_NS_ASSERTIONS = NO;
				ENABLE_STRICT_OBJC_MSGSEND = YES;
				GCC_C_LANGUAGE_STANDARD = gnu11;
				GCC_NO_COMMON_BLOCKS = YES;
				GCC_WARN_64_TO_32_BIT_CONVERSION = YES;
				GCC_WARN_ABOUT_RETURN_TYPE = YES_ERROR;
				GCC_WARN_UNDECLARED_SELECTOR = YES;
				GCC_WARN_UNINITIALIZED_AUTOS = YES_AGGRESSIVE;
				GCC_WARN_UNUSED_FUNCTION = YES;
				GCC_WARN_UNUSED_VARIABLE = YES;
				MTL_ENABLE_DEBUG_INFO = NO;
				MTL_FAST_MATH = YES;
				SWIFT_COMPILATION_MODE = wholemodule;
				SWIFT_OPTIMIZATION_LEVEL = "-O";
			};
			name = Release;
		};
		88DAFF5627BF2C9F00CB7E0A /* Debug */ = {
			isa = XCBuildConfiguration;
			buildSettings = {
				ASSETCATALOG_COMPILER_APPICON_NAME = AppIcon;
				ASSETCATALOG_COMPILER_GLOBAL_ACCENT_COLOR_NAME = AccentColor;
				CODE_SIGN_ENTITLEMENTS = "StudyHard (iOS).entitlements";
				CODE_SIGN_STYLE = Automatic;
				CURRENT_PROJECT_VERSION = 1;
				DEVELOPMENT_TEAM = V5GGGSEQZM;
				ENABLE_PREVIEWS = YES;
				GENERATE_INFOPLIST_FILE = YES;
				INFOPLIST_FILE = "StudyHard--iOS--Info.plist";
				INFOPLIST_KEY_NSCameraUsageDescription = yes;
				INFOPLIST_KEY_NSSiriUsageDescription = yes;
				INFOPLIST_KEY_UIApplicationSceneManifest_Generation = YES;
				INFOPLIST_KEY_UIApplicationSupportsIndirectInputEvents = YES;
				INFOPLIST_KEY_UILaunchScreen_Generation = YES;
				INFOPLIST_KEY_UISupportedInterfaceOrientations_iPad = "UIInterfaceOrientationPortrait UIInterfaceOrientationPortraitUpsideDown UIInterfaceOrientationLandscapeLeft UIInterfaceOrientationLandscapeRight";
				INFOPLIST_KEY_UISupportedInterfaceOrientations_iPhone = "UIInterfaceOrientationPortrait UIInterfaceOrientationLandscapeLeft UIInterfaceOrientationLandscapeRight";
				IPHONEOS_DEPLOYMENT_TARGET = 15.0;
				LD_RUNPATH_SEARCH_PATHS = (
					"$(inherited)",
					"@executable_path/Frameworks",
				);
				MARKETING_VERSION = 1.0;
				PRODUCT_BUNDLE_IDENTIFIER = Soomin.StudyHard;
				PRODUCT_NAME = StudyHard;
				SDKROOT = iphoneos;
				SWIFT_EMIT_LOC_STRINGS = YES;
				SWIFT_VERSION = 5.0;
				TARGETED_DEVICE_FAMILY = "1,2";
			};
			name = Debug;
		};
		88DAFF5727BF2C9F00CB7E0A /* Release */ = {
			isa = XCBuildConfiguration;
			buildSettings = {
				ASSETCATALOG_COMPILER_APPICON_NAME = AppIcon;
				ASSETCATALOG_COMPILER_GLOBAL_ACCENT_COLOR_NAME = AccentColor;
				CODE_SIGN_ENTITLEMENTS = "StudyHard (iOS).entitlements";
				CODE_SIGN_STYLE = Automatic;
				CURRENT_PROJECT_VERSION = 1;
				DEVELOPMENT_TEAM = V5GGGSEQZM;
				ENABLE_PREVIEWS = YES;
				GENERATE_INFOPLIST_FILE = YES;
				INFOPLIST_FILE = "StudyHard--iOS--Info.plist";
				INFOPLIST_KEY_NSCameraUsageDescription = yes;
				INFOPLIST_KEY_NSSiriUsageDescription = yes;
				INFOPLIST_KEY_UIApplicationSceneManifest_Generation = YES;
				INFOPLIST_KEY_UIApplicationSupportsIndirectInputEvents = YES;
				INFOPLIST_KEY_UILaunchScreen_Generation = YES;
				INFOPLIST_KEY_UISupportedInterfaceOrientations_iPad = "UIInterfaceOrientationPortrait UIInterfaceOrientationPortraitUpsideDown UIInterfaceOrientationLandscapeLeft UIInterfaceOrientationLandscapeRight";
				INFOPLIST_KEY_UISupportedInterfaceOrientations_iPhone = "UIInterfaceOrientationPortrait UIInterfaceOrientationLandscapeLeft UIInterfaceOrientationLandscapeRight";
				IPHONEOS_DEPLOYMENT_TARGET = 15.0;
				LD_RUNPATH_SEARCH_PATHS = (
					"$(inherited)",
					"@executable_path/Frameworks",
				);
				MARKETING_VERSION = 1.0;
				PRODUCT_BUNDLE_IDENTIFIER = Soomin.StudyHard;
				PRODUCT_NAME = StudyHard;
				SDKROOT = iphoneos;
				SWIFT_EMIT_LOC_STRINGS = YES;
				SWIFT_VERSION = 5.0;
				TARGETED_DEVICE_FAMILY = "1,2";
				VALIDATE_PRODUCT = YES;
			};
			name = Release;
		};
		88DAFF5927BF2C9F00CB7E0A /* Debug */ = {
			isa = XCBuildConfiguration;
			buildSettings = {
				ASSETCATALOG_COMPILER_APPICON_NAME = AppIcon;
				ASSETCATALOG_COMPILER_GLOBAL_ACCENT_COLOR_NAME = AccentColor;
				CODE_SIGN_ENTITLEMENTS = macOS/macOS.entitlements;
				CODE_SIGN_STYLE = Automatic;
				COMBINE_HIDPI_IMAGES = YES;
				CURRENT_PROJECT_VERSION = 1;
				ENABLE_PREVIEWS = YES;
				GENERATE_INFOPLIST_FILE = YES;
				INFOPLIST_KEY_NSHumanReadableCopyright = "";
				LD_RUNPATH_SEARCH_PATHS = (
					"$(inherited)",
					"@executable_path/../Frameworks",
				);
				MACOSX_DEPLOYMENT_TARGET = 11.6;
				MARKETING_VERSION = 1.0;
				PRODUCT_BUNDLE_IDENTIFIER = Soomin.StudyHard;
				PRODUCT_NAME = StudyHard;
				SDKROOT = macosx;
				SWIFT_EMIT_LOC_STRINGS = YES;
				SWIFT_VERSION = 5.0;
			};
			name = Debug;
		};
		88DAFF5A27BF2C9F00CB7E0A /* Release */ = {
			isa = XCBuildConfiguration;
			buildSettings = {
				ASSETCATALOG_COMPILER_APPICON_NAME = AppIcon;
				ASSETCATALOG_COMPILER_GLOBAL_ACCENT_COLOR_NAME = AccentColor;
				CODE_SIGN_ENTITLEMENTS = macOS/macOS.entitlements;
				CODE_SIGN_STYLE = Automatic;
				COMBINE_HIDPI_IMAGES = YES;
				CURRENT_PROJECT_VERSION = 1;
				ENABLE_PREVIEWS = YES;
				GENERATE_INFOPLIST_FILE = YES;
				INFOPLIST_KEY_NSHumanReadableCopyright = "";
				LD_RUNPATH_SEARCH_PATHS = (
					"$(inherited)",
					"@executable_path/../Frameworks",
				);
				MACOSX_DEPLOYMENT_TARGET = 11.6;
				MARKETING_VERSION = 1.0;
				PRODUCT_BUNDLE_IDENTIFIER = Soomin.StudyHard;
				PRODUCT_NAME = StudyHard;
				SDKROOT = macosx;
				SWIFT_EMIT_LOC_STRINGS = YES;
				SWIFT_VERSION = 5.0;
			};
			name = Release;
		};
		88DAFF5C27BF2C9F00CB7E0A /* Debug */ = {
			isa = XCBuildConfiguration;
			buildSettings = {
				ALWAYS_EMBED_SWIFT_STANDARD_LIBRARIES = YES;
				CODE_SIGN_STYLE = Automatic;
				CURRENT_PROJECT_VERSION = 1;
				GENERATE_INFOPLIST_FILE = YES;
				IPHONEOS_DEPLOYMENT_TARGET = 15.2;
				MARKETING_VERSION = 1.0;
				PRODUCT_BUNDLE_IDENTIFIER = "Soomin.Tests-iOS";
				PRODUCT_NAME = "$(TARGET_NAME)";
				SDKROOT = iphoneos;
				SWIFT_EMIT_LOC_STRINGS = NO;
				SWIFT_VERSION = 5.0;
				TARGETED_DEVICE_FAMILY = "1,2";
				TEST_TARGET_NAME = "StudyHard (iOS)";
			};
			name = Debug;
		};
		88DAFF5D27BF2C9F00CB7E0A /* Release */ = {
			isa = XCBuildConfiguration;
			buildSettings = {
				ALWAYS_EMBED_SWIFT_STANDARD_LIBRARIES = YES;
				CODE_SIGN_STYLE = Automatic;
				CURRENT_PROJECT_VERSION = 1;
				GENERATE_INFOPLIST_FILE = YES;
				IPHONEOS_DEPLOYMENT_TARGET = 15.2;
				MARKETING_VERSION = 1.0;
				PRODUCT_BUNDLE_IDENTIFIER = "Soomin.Tests-iOS";
				PRODUCT_NAME = "$(TARGET_NAME)";
				SDKROOT = iphoneos;
				SWIFT_EMIT_LOC_STRINGS = NO;
				SWIFT_VERSION = 5.0;
				TARGETED_DEVICE_FAMILY = "1,2";
				TEST_TARGET_NAME = "StudyHard (iOS)";
				VALIDATE_PRODUCT = YES;
			};
			name = Release;
		};
		88DAFF5F27BF2C9F00CB7E0A /* Debug */ = {
			isa = XCBuildConfiguration;
			buildSettings = {
				ALWAYS_EMBED_SWIFT_STANDARD_LIBRARIES = YES;
				CODE_SIGN_STYLE = Automatic;
				CURRENT_PROJECT_VERSION = 1;
				GENERATE_INFOPLIST_FILE = YES;
				MACOSX_DEPLOYMENT_TARGET = 11.6;
				MARKETING_VERSION = 1.0;
				PRODUCT_BUNDLE_IDENTIFIER = "Soomin.Tests-macOS";
				PRODUCT_NAME = "$(TARGET_NAME)";
				SDKROOT = macosx;
				SWIFT_EMIT_LOC_STRINGS = NO;
				SWIFT_VERSION = 5.0;
				TEST_TARGET_NAME = "StudyHard (macOS)";
			};
			name = Debug;
		};
		88DAFF6027BF2C9F00CB7E0A /* Release */ = {
			isa = XCBuildConfiguration;
			buildSettings = {
				ALWAYS_EMBED_SWIFT_STANDARD_LIBRARIES = YES;
				CODE_SIGN_STYLE = Automatic;
				CURRENT_PROJECT_VERSION = 1;
				GENERATE_INFOPLIST_FILE = YES;
				MACOSX_DEPLOYMENT_TARGET = 11.6;
				MARKETING_VERSION = 1.0;
				PRODUCT_BUNDLE_IDENTIFIER = "Soomin.Tests-macOS";
				PRODUCT_NAME = "$(TARGET_NAME)";
				SDKROOT = macosx;
				SWIFT_EMIT_LOC_STRINGS = NO;
				SWIFT_VERSION = 5.0;
				TEST_TARGET_NAME = "StudyHard (macOS)";
			};
			name = Release;
		};
/* End XCBuildConfiguration section */

/* Begin XCConfigurationList section */
		88DAFF2327BF2C9A00CB7E0A /* Build configuration list for PBXProject "StudyHard" */ = {
			isa = XCConfigurationList;
			buildConfigurations = (
				88DAFF5327BF2C9F00CB7E0A /* Debug */,
				88DAFF5427BF2C9F00CB7E0A /* Release */,
			);
			defaultConfigurationIsVisible = 0;
			defaultConfigurationName = Release;
		};
		88DAFF5527BF2C9F00CB7E0A /* Build configuration list for PBXNativeTarget "StudyHard (iOS)" */ = {
			isa = XCConfigurationList;
			buildConfigurations = (
				88DAFF5627BF2C9F00CB7E0A /* Debug */,
				88DAFF5727BF2C9F00CB7E0A /* Release */,
			);
			defaultConfigurationIsVisible = 0;
			defaultConfigurationName = Release;
		};
		88DAFF5827BF2C9F00CB7E0A /* Build configuration list for PBXNativeTarget "StudyHard (macOS)" */ = {
			isa = XCConfigurationList;
			buildConfigurations = (
				88DAFF5927BF2C9F00CB7E0A /* Debug */,
				88DAFF5A27BF2C9F00CB7E0A /* Release */,
			);
			defaultConfigurationIsVisible = 0;
			defaultConfigurationName = Release;
		};
		88DAFF5B27BF2C9F00CB7E0A /* Build configuration list for PBXNativeTarget "Tests iOS" */ = {
			isa = XCConfigurationList;
			buildConfigurations = (
				88DAFF5C27BF2C9F00CB7E0A /* Debug */,
				88DAFF5D27BF2C9F00CB7E0A /* Release */,
			);
			defaultConfigurationIsVisible = 0;
			defaultConfigurationName = Release;
		};
		88DAFF5E27BF2C9F00CB7E0A /* Build configuration list for PBXNativeTarget "Tests macOS" */ = {
			isa = XCConfigurationList;
			buildConfigurations = (
				88DAFF5F27BF2C9F00CB7E0A /* Debug */,
				88DAFF6027BF2C9F00CB7E0A /* Release */,
			);
			defaultConfigurationIsVisible = 0;
			defaultConfigurationName = Release;
		};
/* End XCConfigurationList section */

/* Begin XCRemoteSwiftPackageReference section */
		88D8B3A627C1B55F00663E10 /* XCRemoteSwiftPackageReference "ios-eye-tracking" */ = {
			isa = XCRemoteSwiftPackageReference;
			repositoryURL = "https://github.com/kyle-fox/ios-eye-tracking";
			requirement = {
				branch = master;
				kind = branch;
			};
		};
/* End XCRemoteSwiftPackageReference section */

/* Begin XCSwiftPackageProductDependency section */
		88D8B3A727C1B55F00663E10 /* EyeTracking */ = {
			isa = XCSwiftPackageProductDependency;
			package = 88D8B3A627C1B55F00663E10 /* XCRemoteSwiftPackageReference "ios-eye-tracking" */;
			productName = EyeTracking;
		};
/* End XCSwiftPackageProductDependency section */
	};
	rootObject = 88DAFF2027BF2C9A00CB7E0A /* Project object */;
}
